
Microsoft Visual Studio Solution File, Format Version 12.00
# Visual Studio Version 17
VisualStudioVersion = 17.9.34902.65
MinimumVisualStudioVersion = 10.0.40219.1
Project("{FAE04EC0-301F-11D3-BF4B-00C04F79EFBC}") = "ChatBot", "ChatBot.csproj", "{EDD924A2-4DCA-4DCD-8297-9F30267D8EE9}"
EndProject
Global
	GlobalSection(SolutionConfigurationPlatforms) = preSolution
		Debug|Any CPU = Debug|Any CPU
		Release|Any CPU = Release|Any CPU
	EndGlobalSection
	GlobalSection(ProjectConfigurationPlatforms) = postSolution
		{EDD924A2-4DCA-4DCD-8297-9F30267D8EE9}.Debug|Any CPU.ActiveCfg = Debug|Any CPU
		{EDD924A2-4DCA-4DCD-8297-9F30267D8EE9}.Debug|Any CPU.Build.0 = Debug|Any CPU
		{EDD924A2-4DCA-4DCD-8297-9F30267D8EE9}.Release|Any CPU.ActiveCfg = Release|Any CPU
		{EDD924A2-4DCA-4DCD-8297-9F30267D8EE9}.Release|Any CPU.Build.0 = Release|Any CPU
	EndGlobalSection
	GlobalSection(SolutionProperties) = preSolution
		HideSolutionNode = FALSE
	EndGlobalSection
	GlobalSection(ExtensibilityGlobals) = postSolution
		SolutionGuid = {E1620B00-6358-4595-9EE8-8C7F487CB2AD}
	EndGlobalSection
EndGlobal
